// !$*UTF8*$!
{
	archiveVersion = 1;
	classes = {
	};
	objectVersion = 50;
	objects = {

/* Begin PBXBuildFile section */
		2028C4EA776D25C4083D2C59 /* Pods_IdeaStationTests.framework in Frameworks */ = {isa = PBXBuildFile; fileRef = B372D9412C6D388DBEF5BC49 /* Pods_IdeaStationTests.framework */; };
		31EE13BAD2309604DF13A0D6 /* Pods_IdeaStation.framework in Frameworks */ = {isa = PBXBuildFile; fileRef = 924A4A5B190E234000AAEF91 /* Pods_IdeaStation.framework */; };
		AF07B31A22FFC3C300FAE1C8 /* AppDelegate.swift in Sources */ = {isa = PBXBuildFile; fileRef = AF07B31922FFC3C300FAE1C8 /* AppDelegate.swift */; };
		AF07B31F22FFC3C300FAE1C8 /* Main.storyboard in Resources */ = {isa = PBXBuildFile; fileRef = AF07B31D22FFC3C300FAE1C8 /* Main.storyboard */; };
		AF07B32222FFC3C300FAE1C8 /* IdeaStation.xcdatamodeld in Sources */ = {isa = PBXBuildFile; fileRef = AF07B32022FFC3C300FAE1C8 /* IdeaStation.xcdatamodeld */; };
		AF07B32422FFC3C400FAE1C8 /* Assets.xcassets in Resources */ = {isa = PBXBuildFile; fileRef = AF07B32322FFC3C400FAE1C8 /* Assets.xcassets */; };
		AF07B32722FFC3C400FAE1C8 /* LaunchScreen.storyboard in Resources */ = {isa = PBXBuildFile; fileRef = AF07B32522FFC3C400FAE1C8 /* LaunchScreen.storyboard */; };
		AF07B33222FFC3C400FAE1C8 /* IdeaStationTests.swift in Sources */ = {isa = PBXBuildFile; fileRef = AF07B33122FFC3C400FAE1C8 /* IdeaStationTests.swift */; };
		AF07B33D22FFC3C400FAE1C8 /* IdeaStationUITests.swift in Sources */ = {isa = PBXBuildFile; fileRef = AF07B33C22FFC3C400FAE1C8 /* IdeaStationUITests.swift */; };
		AF07B35322FFF71600FAE1C8 /* CategoryViewController.swift in Sources */ = {isa = PBXBuildFile; fileRef = AF07B35222FFF71600FAE1C8 /* CategoryViewController.swift */; };
		AF07B35522FFFFE600FAE1C8 /* View+.swift in Sources */ = {isa = PBXBuildFile; fileRef = AF07B35422FFFFE600FAE1C8 /* View+.swift */; };
		AF07B3592302629B00FAE1C8 /* ExpandableBubbleLabel.swift in Sources */ = {isa = PBXBuildFile; fileRef = AF07B3582302629B00FAE1C8 /* ExpandableBubbleLabel.swift */; };
		AF07B35B2302771300FAE1C8 /* FlexibleLabel.swift in Sources */ = {isa = PBXBuildFile; fileRef = AF07B35A2302771300FAE1C8 /* FlexibleLabel.swift */; };
		AFCD53242307F2F100A1D487 /* NewMandalartCollectionViewCell.swift in Sources */ = {isa = PBXBuildFile; fileRef = AFCD531C2307F2F100A1D487 /* NewMandalartCollectionViewCell.swift */; };
		AFCD53262307F2F100A1D487 /* MandalartItem.swift in Sources */ = {isa = PBXBuildFile; fileRef = AFCD531E2307F2F100A1D487 /* MandalartItem.swift */; };
		AFCD53272307F2F100A1D487 /* MandalartStoryboard.storyboard in Resources */ = {isa = PBXBuildFile; fileRef = AFCD531F2307F2F100A1D487 /* MandalartStoryboard.storyboard */; };
		AFCD53282307F2F100A1D487 /* NewMandalartViewController.swift in Sources */ = {isa = PBXBuildFile; fileRef = AFCD53202307F2F100A1D487 /* NewMandalartViewController.swift */; };
		AFCD53292307F2F100A1D487 /* NewMandalartCellDetailViewController.swift in Sources */ = {isa = PBXBuildFile; fileRef = AFCD53212307F2F100A1D487 /* NewMandalartCellDetailViewController.swift */; };
		AFCD53302307F31900A1D487 /* InterestCollectionViewCell.swift in Sources */ = {isa = PBXBuildFile; fileRef = AFCD532B2307F31900A1D487 /* InterestCollectionViewCell.swift */; };
		AFCD53312307F31900A1D487 /* InterestViewController.swift in Sources */ = {isa = PBXBuildFile; fileRef = AFCD532C2307F31900A1D487 /* InterestViewController.swift */; };
		AFCD53322307F31900A1D487 /* InterestStoryboard.storyboard in Resources */ = {isa = PBXBuildFile; fileRef = AFCD532D2307F31900A1D487 /* InterestStoryboard.storyboard */; };
		AFCD53332307F31900A1D487 /* DidSelectViewController.swift in Sources */ = {isa = PBXBuildFile; fileRef = AFCD532E2307F31900A1D487 /* DidSelectViewController.swift */; };
		AFCD53342307F31900A1D487 /* InterestItem.swift in Sources */ = {isa = PBXBuildFile; fileRef = AFCD532F2307F31900A1D487 /* InterestItem.swift */; };
		AFCD53362307FDCD00A1D487 /* ExitButtonForModal.swift in Sources */ = {isa = PBXBuildFile; fileRef = AFCD53352307FDCD00A1D487 /* ExitButtonForModal.swift */; };
		AFF64DB72303F68E003F3E3A /* SearchViewController.swift in Sources */ = {isa = PBXBuildFile; fileRef = AFF64DB62303F68E003F3E3A /* SearchViewController.swift */; };
		AFF64DB92304037D003F3E3A /* APISourceProtocol.swift in Sources */ = {isa = PBXBuildFile; fileRef = AFF64DB82304037D003F3E3A /* APISourceProtocol.swift */; };
		AFF64DBD2304058E003F3E3A /* APISource.swift in Sources */ = {isa = PBXBuildFile; fileRef = AFF64DBC2304058E003F3E3A /* APISource.swift */; };
		AFF64DBF2304074A003F3E3A /* API.swift in Sources */ = {isa = PBXBuildFile; fileRef = AFF64DBE23040749003F3E3A /* API.swift */; };
		AFF64DC223040EB6003F3E3A /* PixaPictures.swift in Sources */ = {isa = PBXBuildFile; fileRef = AFF64DC123040EB6003F3E3A /* PixaPictures.swift */; };
		AFF64DC423041A9D003F3E3A /* Search.storyboard in Resources */ = {isa = PBXBuildFile; fileRef = AFF64DC323041A9D003F3E3A /* Search.storyboard */; };
		AFF64DC623041E74003F3E3A /* Object+.swift in Sources */ = {isa = PBXBuildFile; fileRef = AFF64DC523041E74003F3E3A /* Object+.swift */; };
		AFF64DC823051F0F003F3E3A /* FasterImageView.swift in Sources */ = {isa = PBXBuildFile; fileRef = AFF64DC723051F0F003F3E3A /* FasterImageView.swift */; };
		C8192C8A4C50ED9291EB9EF2 /* Pods_IdeaStationUITests.framework in Frameworks */ = {isa = PBXBuildFile; fileRef = 0B05A6B68FCC86D29F487D72 /* Pods_IdeaStationUITests.framework */; };
/* End PBXBuildFile section */

/* Begin PBXContainerItemProxy section */
		AF07B32E22FFC3C400FAE1C8 /* PBXContainerItemProxy */ = {
			isa = PBXContainerItemProxy;
			containerPortal = AF07B30E22FFC3C300FAE1C8 /* Project object */;
			proxyType = 1;
			remoteGlobalIDString = AF07B31522FFC3C300FAE1C8;
			remoteInfo = IdeaStation;
		};
		AF07B33922FFC3C400FAE1C8 /* PBXContainerItemProxy */ = {
			isa = PBXContainerItemProxy;
			containerPortal = AF07B30E22FFC3C300FAE1C8 /* Project object */;
			proxyType = 1;
			remoteGlobalIDString = AF07B31522FFC3C300FAE1C8;
			remoteInfo = IdeaStation;
		};
/* End PBXContainerItemProxy section */

/* Begin PBXFileReference section */
		0B05A6B68FCC86D29F487D72 /* Pods_IdeaStationUITests.framework */ = {isa = PBXFileReference; explicitFileType = wrapper.framework; includeInIndex = 0; path = Pods_IdeaStationUITests.framework; sourceTree = BUILT_PRODUCTS_DIR; };
		20DC494623C92F89AECC6516 /* Pods-IdeaStationUITests.release.xcconfig */ = {isa = PBXFileReference; includeInIndex = 1; lastKnownFileType = text.xcconfig; name = "Pods-IdeaStationUITests.release.xcconfig"; path = "Target Support Files/Pods-IdeaStationUITests/Pods-IdeaStationUITests.release.xcconfig"; sourceTree = "<group>"; };
		3027C387E40DFAAD7FDDDF6D /* Pods-IdeaStationTests.debug.xcconfig */ = {isa = PBXFileReference; includeInIndex = 1; lastKnownFileType = text.xcconfig; name = "Pods-IdeaStationTests.debug.xcconfig"; path = "Target Support Files/Pods-IdeaStationTests/Pods-IdeaStationTests.debug.xcconfig"; sourceTree = "<group>"; };
		60794A05CC535D85F7123EAF /* Pods-IdeaStation.release.xcconfig */ = {isa = PBXFileReference; includeInIndex = 1; lastKnownFileType = text.xcconfig; name = "Pods-IdeaStation.release.xcconfig"; path = "Target Support Files/Pods-IdeaStation/Pods-IdeaStation.release.xcconfig"; sourceTree = "<group>"; };
		733FFBE66031E89002553C6D /* Pods-IdeaStation.debug.xcconfig */ = {isa = PBXFileReference; includeInIndex = 1; lastKnownFileType = text.xcconfig; name = "Pods-IdeaStation.debug.xcconfig"; path = "Target Support Files/Pods-IdeaStation/Pods-IdeaStation.debug.xcconfig"; sourceTree = "<group>"; };
		924A4A5B190E234000AAEF91 /* Pods_IdeaStation.framework */ = {isa = PBXFileReference; explicitFileType = wrapper.framework; includeInIndex = 0; path = Pods_IdeaStation.framework; sourceTree = BUILT_PRODUCTS_DIR; };
		AF07B31622FFC3C300FAE1C8 /* IdeaStation.app */ = {isa = PBXFileReference; explicitFileType = wrapper.application; includeInIndex = 0; path = IdeaStation.app; sourceTree = BUILT_PRODUCTS_DIR; };
		AF07B31922FFC3C300FAE1C8 /* AppDelegate.swift */ = {isa = PBXFileReference; lastKnownFileType = sourcecode.swift; path = AppDelegate.swift; sourceTree = "<group>"; };
		AF07B31E22FFC3C300FAE1C8 /* Base */ = {isa = PBXFileReference; lastKnownFileType = file.storyboard; name = Base; path = Base.lproj/Main.storyboard; sourceTree = "<group>"; };
		AF07B32122FFC3C300FAE1C8 /* IdeaStation.xcdatamodel */ = {isa = PBXFileReference; lastKnownFileType = wrapper.xcdatamodel; path = IdeaStation.xcdatamodel; sourceTree = "<group>"; };
		AF07B32322FFC3C400FAE1C8 /* Assets.xcassets */ = {isa = PBXFileReference; lastKnownFileType = folder.assetcatalog; path = Assets.xcassets; sourceTree = "<group>"; };
		AF07B32622FFC3C400FAE1C8 /* Base */ = {isa = PBXFileReference; lastKnownFileType = file.storyboard; name = Base; path = Base.lproj/LaunchScreen.storyboard; sourceTree = "<group>"; };
		AF07B32822FFC3C400FAE1C8 /* Info.plist */ = {isa = PBXFileReference; lastKnownFileType = text.plist.xml; path = Info.plist; sourceTree = "<group>"; };
		AF07B32D22FFC3C400FAE1C8 /* IdeaStationTests.xctest */ = {isa = PBXFileReference; explicitFileType = wrapper.cfbundle; includeInIndex = 0; path = IdeaStationTests.xctest; sourceTree = BUILT_PRODUCTS_DIR; };
		AF07B33122FFC3C400FAE1C8 /* IdeaStationTests.swift */ = {isa = PBXFileReference; lastKnownFileType = sourcecode.swift; path = IdeaStationTests.swift; sourceTree = "<group>"; };
		AF07B33322FFC3C400FAE1C8 /* Info.plist */ = {isa = PBXFileReference; lastKnownFileType = text.plist.xml; path = Info.plist; sourceTree = "<group>"; };
		AF07B33822FFC3C400FAE1C8 /* IdeaStationUITests.xctest */ = {isa = PBXFileReference; explicitFileType = wrapper.cfbundle; includeInIndex = 0; path = IdeaStationUITests.xctest; sourceTree = BUILT_PRODUCTS_DIR; };
		AF07B33C22FFC3C400FAE1C8 /* IdeaStationUITests.swift */ = {isa = PBXFileReference; lastKnownFileType = sourcecode.swift; path = IdeaStationUITests.swift; sourceTree = "<group>"; };
		AF07B33E22FFC3C400FAE1C8 /* Info.plist */ = {isa = PBXFileReference; lastKnownFileType = text.plist.xml; path = Info.plist; sourceTree = "<group>"; };
		AF07B35222FFF71600FAE1C8 /* CategoryViewController.swift */ = {isa = PBXFileReference; lastKnownFileType = sourcecode.swift; path = CategoryViewController.swift; sourceTree = "<group>"; };
		AF07B35422FFFFE600FAE1C8 /* View+.swift */ = {isa = PBXFileReference; lastKnownFileType = sourcecode.swift; path = "View+.swift"; sourceTree = "<group>"; };
		AF07B3582302629B00FAE1C8 /* ExpandableBubbleLabel.swift */ = {isa = PBXFileReference; lastKnownFileType = sourcecode.swift; path = ExpandableBubbleLabel.swift; sourceTree = "<group>"; };
		AF07B35A2302771300FAE1C8 /* FlexibleLabel.swift */ = {isa = PBXFileReference; lastKnownFileType = sourcecode.swift; path = FlexibleLabel.swift; sourceTree = "<group>"; };
		AFCD531C2307F2F100A1D487 /* NewMandalartCollectionViewCell.swift */ = {isa = PBXFileReference; fileEncoding = 4; lastKnownFileType = sourcecode.swift; path = NewMandalartCollectionViewCell.swift; sourceTree = "<group>"; };
		AFCD531E2307F2F100A1D487 /* MandalartItem.swift */ = {isa = PBXFileReference; fileEncoding = 4; lastKnownFileType = sourcecode.swift; path = MandalartItem.swift; sourceTree = "<group>"; };
		AFCD531F2307F2F100A1D487 /* MandalartStoryboard.storyboard */ = {isa = PBXFileReference; fileEncoding = 4; lastKnownFileType = file.storyboard; path = MandalartStoryboard.storyboard; sourceTree = "<group>"; };
		AFCD53202307F2F100A1D487 /* NewMandalartViewController.swift */ = {isa = PBXFileReference; fileEncoding = 4; lastKnownFileType = sourcecode.swift; path = NewMandalartViewController.swift; sourceTree = "<group>"; };
		AFCD53212307F2F100A1D487 /* NewMandalartCellDetailViewController.swift */ = {isa = PBXFileReference; fileEncoding = 4; lastKnownFileType = sourcecode.swift; path = NewMandalartCellDetailViewController.swift; sourceTree = "<group>"; };
		AFCD532B2307F31900A1D487 /* InterestCollectionViewCell.swift */ = {isa = PBXFileReference; fileEncoding = 4; lastKnownFileType = sourcecode.swift; path = InterestCollectionViewCell.swift; sourceTree = "<group>"; };
		AFCD532C2307F31900A1D487 /* InterestViewController.swift */ = {isa = PBXFileReference; fileEncoding = 4; lastKnownFileType = sourcecode.swift; path = InterestViewController.swift; sourceTree = "<group>"; };
		AFCD532D2307F31900A1D487 /* InterestStoryboard.storyboard */ = {isa = PBXFileReference; fileEncoding = 4; lastKnownFileType = file.storyboard; path = InterestStoryboard.storyboard; sourceTree = "<group>"; };
		AFCD532E2307F31900A1D487 /* DidSelectViewController.swift */ = {isa = PBXFileReference; fileEncoding = 4; lastKnownFileType = sourcecode.swift; path = DidSelectViewController.swift; sourceTree = "<group>"; };
		AFCD532F2307F31900A1D487 /* InterestItem.swift */ = {isa = PBXFileReference; fileEncoding = 4; lastKnownFileType = sourcecode.swift; path = InterestItem.swift; sourceTree = "<group>"; };
		AFCD53352307FDCD00A1D487 /* ExitButtonForModal.swift */ = {isa = PBXFileReference; lastKnownFileType = sourcecode.swift; path = ExitButtonForModal.swift; sourceTree = "<group>"; };
		AFF64DB62303F68E003F3E3A /* SearchViewController.swift */ = {isa = PBXFileReference; lastKnownFileType = sourcecode.swift; path = SearchViewController.swift; sourceTree = "<group>"; };
		AFF64DB82304037D003F3E3A /* APISourceProtocol.swift */ = {isa = PBXFileReference; lastKnownFileType = sourcecode.swift; path = APISourceProtocol.swift; sourceTree = "<group>"; };
		AFF64DBC2304058E003F3E3A /* APISource.swift */ = {isa = PBXFileReference; lastKnownFileType = sourcecode.swift; path = APISource.swift; sourceTree = "<group>"; };
		AFF64DBE23040749003F3E3A /* API.swift */ = {isa = PBXFileReference; lastKnownFileType = sourcecode.swift; path = API.swift; sourceTree = "<group>"; };
		AFF64DC123040EB6003F3E3A /* PixaPictures.swift */ = {isa = PBXFileReference; lastKnownFileType = sourcecode.swift; path = PixaPictures.swift; sourceTree = "<group>"; };
		AFF64DC323041A9D003F3E3A /* Search.storyboard */ = {isa = PBXFileReference; lastKnownFileType = file.storyboard; path = Search.storyboard; sourceTree = "<group>"; };
		AFF64DC523041E74003F3E3A /* Object+.swift */ = {isa = PBXFileReference; lastKnownFileType = sourcecode.swift; path = "Object+.swift"; sourceTree = "<group>"; };
		AFF64DC723051F0F003F3E3A /* FasterImageView.swift */ = {isa = PBXFileReference; lastKnownFileType = sourcecode.swift; path = FasterImageView.swift; sourceTree = "<group>"; };
		B21B083B41ACFA9326BB7656 /* Pods-IdeaStationTests.release.xcconfig */ = {isa = PBXFileReference; includeInIndex = 1; lastKnownFileType = text.xcconfig; name = "Pods-IdeaStationTests.release.xcconfig"; path = "Target Support Files/Pods-IdeaStationTests/Pods-IdeaStationTests.release.xcconfig"; sourceTree = "<group>"; };
		B372D9412C6D388DBEF5BC49 /* Pods_IdeaStationTests.framework */ = {isa = PBXFileReference; explicitFileType = wrapper.framework; includeInIndex = 0; path = Pods_IdeaStationTests.framework; sourceTree = BUILT_PRODUCTS_DIR; };
		E3E5791034235E2A56495166 /* Pods-IdeaStationUITests.debug.xcconfig */ = {isa = PBXFileReference; includeInIndex = 1; lastKnownFileType = text.xcconfig; name = "Pods-IdeaStationUITests.debug.xcconfig"; path = "Target Support Files/Pods-IdeaStationUITests/Pods-IdeaStationUITests.debug.xcconfig"; sourceTree = "<group>"; };
/* End PBXFileReference section */

/* Begin PBXFrameworksBuildPhase section */
		AF07B31322FFC3C300FAE1C8 /* Frameworks */ = {
			isa = PBXFrameworksBuildPhase;
			buildActionMask = 2147483647;
			files = (
				31EE13BAD2309604DF13A0D6 /* Pods_IdeaStation.framework in Frameworks */,
			);
			runOnlyForDeploymentPostprocessing = 0;
		};
		AF07B32A22FFC3C400FAE1C8 /* Frameworks */ = {
			isa = PBXFrameworksBuildPhase;
			buildActionMask = 2147483647;
			files = (
				2028C4EA776D25C4083D2C59 /* Pods_IdeaStationTests.framework in Frameworks */,
			);
			runOnlyForDeploymentPostprocessing = 0;
		};
		AF07B33522FFC3C400FAE1C8 /* Frameworks */ = {
			isa = PBXFrameworksBuildPhase;
			buildActionMask = 2147483647;
			files = (
				C8192C8A4C50ED9291EB9EF2 /* Pods_IdeaStationUITests.framework in Frameworks */,
			);
			runOnlyForDeploymentPostprocessing = 0;
		};
/* End PBXFrameworksBuildPhase section */

/* Begin PBXGroup section */
		24E0CB8697D0613A7C56BE3C /* Pods */ = {
			isa = PBXGroup;
			children = (
				733FFBE66031E89002553C6D /* Pods-IdeaStation.debug.xcconfig */,
				60794A05CC535D85F7123EAF /* Pods-IdeaStation.release.xcconfig */,
				3027C387E40DFAAD7FDDDF6D /* Pods-IdeaStationTests.debug.xcconfig */,
				B21B083B41ACFA9326BB7656 /* Pods-IdeaStationTests.release.xcconfig */,
				E3E5791034235E2A56495166 /* Pods-IdeaStationUITests.debug.xcconfig */,
				20DC494623C92F89AECC6516 /* Pods-IdeaStationUITests.release.xcconfig */,
			);
			path = Pods;
			sourceTree = "<group>";
		};
		4355AD67BD4259F0ECF7CD7B /* Frameworks */ = {
			isa = PBXGroup;
			children = (
				924A4A5B190E234000AAEF91 /* Pods_IdeaStation.framework */,
				B372D9412C6D388DBEF5BC49 /* Pods_IdeaStationTests.framework */,
				0B05A6B68FCC86D29F487D72 /* Pods_IdeaStationUITests.framework */,
			);
			name = Frameworks;
			sourceTree = "<group>";
		};
		AF07B30D22FFC3C300FAE1C8 = {
			isa = PBXGroup;
			children = (
				AF07B31822FFC3C300FAE1C8 /* IdeaStation */,
				AF07B33022FFC3C400FAE1C8 /* IdeaStationTests */,
				AF07B33B22FFC3C400FAE1C8 /* IdeaStationUITests */,
				AF07B31722FFC3C300FAE1C8 /* Products */,
				24E0CB8697D0613A7C56BE3C /* Pods */,
				4355AD67BD4259F0ECF7CD7B /* Frameworks */,
			);
			sourceTree = "<group>";
		};
		AF07B31722FFC3C300FAE1C8 /* Products */ = {
			isa = PBXGroup;
			children = (
				AF07B31622FFC3C300FAE1C8 /* IdeaStation.app */,
				AF07B32D22FFC3C400FAE1C8 /* IdeaStationTests.xctest */,
				AF07B33822FFC3C400FAE1C8 /* IdeaStationUITests.xctest */,
			);
			name = Products;
			sourceTree = "<group>";
		};
		AF07B31822FFC3C300FAE1C8 /* IdeaStation */ = {
			isa = PBXGroup;
			children = (
				AFF64DBA230404B3003F3E3A /* Network */,
				AF07B35022FFC4D800FAE1C8 /* Protocols */,
				AF07B34F22FFC4CE00FAE1C8 /* Extension */,
				AF07B34E22FFC4C800FAE1C8 /* Utils */,
				AF07B34D22FFC4AF00FAE1C8 /* Supporting Files */,
				AF07B34C22FFC4AA00FAE1C8 /* View */,
				AF07B34A22FFC49D00FAE1C8 /* ViewController */,
				AF07B32822FFC3C400FAE1C8 /* Info.plist */,
				AF07B32022FFC3C300FAE1C8 /* IdeaStation.xcdatamodeld */,
			);
			path = IdeaStation;
			sourceTree = "<group>";
		};
		AF07B33022FFC3C400FAE1C8 /* IdeaStationTests */ = {
			isa = PBXGroup;
			children = (
				AF07B33122FFC3C400FAE1C8 /* IdeaStationTests.swift */,
				AF07B33322FFC3C400FAE1C8 /* Info.plist */,
			);
			path = IdeaStationTests;
			sourceTree = "<group>";
		};
		AF07B33B22FFC3C400FAE1C8 /* IdeaStationUITests */ = {
			isa = PBXGroup;
			children = (
				AF07B33C22FFC3C400FAE1C8 /* IdeaStationUITests.swift */,
				AF07B33E22FFC3C400FAE1C8 /* Info.plist */,
			);
			path = IdeaStationUITests;
			sourceTree = "<group>";
		};
		AF07B34A22FFC49D00FAE1C8 /* ViewController */ = {
			isa = PBXGroup;
			children = (
				AFCD532A2307F31900A1D487 /* Interest */,
				AF07B35122FFF6F200FAE1C8 /* Category */,
				AF07B31D22FFC3C300FAE1C8 /* Main.storyboard */,
			);
			path = ViewController;
			sourceTree = "<group>";
		};
		AF07B34C22FFC4AA00FAE1C8 /* View */ = {
			isa = PBXGroup;
			children = (
				AF07B3582302629B00FAE1C8 /* ExpandableBubbleLabel.swift */,
				AF07B35A2302771300FAE1C8 /* FlexibleLabel.swift */,
				AFF64DC723051F0F003F3E3A /* FasterImageView.swift */,
				AFCD53352307FDCD00A1D487 /* ExitButtonForModal.swift */,
			);
			path = View;
			sourceTree = "<group>";
		};
		AF07B34D22FFC4AF00FAE1C8 /* Supporting Files */ = {
			isa = PBXGroup;
			children = (
				AF07B32322FFC3C400FAE1C8 /* Assets.xcassets */,
				AF07B31922FFC3C300FAE1C8 /* AppDelegate.swift */,
				AF07B32522FFC3C400FAE1C8 /* LaunchScreen.storyboard */,
			);
			path = "Supporting Files";
			sourceTree = "<group>";
		};
		AF07B34E22FFC4C800FAE1C8 /* Utils */ = {
			isa = PBXGroup;
			children = (
			);
			path = Utils;
			sourceTree = "<group>";
		};
		AF07B34F22FFC4CE00FAE1C8 /* Extension */ = {
			isa = PBXGroup;
			children = (
				AF07B35422FFFFE600FAE1C8 /* View+.swift */,
				AFF64DC523041E74003F3E3A /* Object+.swift */,
			);
			path = Extension;
			sourceTree = "<group>";
		};
		AF07B35022FFC4D800FAE1C8 /* Protocols */ = {
			isa = PBXGroup;
			children = (
			);
			path = Protocols;
			sourceTree = "<group>";
		};
		AF07B35122FFF6F200FAE1C8 /* Category */ = {
			isa = PBXGroup;
			children = (
				AFCD53192307F2F100A1D487 /* Madalart */,
				AFF64DB52303F67F003F3E3A /* Search */,
				AF07B35222FFF71600FAE1C8 /* CategoryViewController.swift */,
			);
			path = Category;
			sourceTree = "<group>";
		};
		AFCD53192307F2F100A1D487 /* Madalart */ = {
			isa = PBXGroup;
			children = (
				AFCD531E2307F2F100A1D487 /* MandalartItem.swift */,
				AFCD531F2307F2F100A1D487 /* MandalartStoryboard.storyboard */,
				AFCD53202307F2F100A1D487 /* NewMandalartViewController.swift */,
				AFCD531C2307F2F100A1D487 /* NewMandalartCollectionViewCell.swift */,
				AFCD53212307F2F100A1D487 /* NewMandalartCellDetailViewController.swift */,
			);
			path = Madalart;
			sourceTree = "<group>";
		};
		AFCD532A2307F31900A1D487 /* Interest */ = {
			isa = PBXGroup;
			children = (
				AFCD532B2307F31900A1D487 /* InterestCollectionViewCell.swift */,
				AFCD532C2307F31900A1D487 /* InterestViewController.swift */,
				AFCD532D2307F31900A1D487 /* InterestStoryboard.storyboard */,
				AFCD532E2307F31900A1D487 /* DidSelectViewController.swift */,
				AFCD532F2307F31900A1D487 /* InterestItem.swift */,
			);
			path = Interest;
			sourceTree = "<group>";
		};
		AFF64DB52303F67F003F3E3A /* Search */ = {
			isa = PBXGroup;
			children = (
				AFF64DB62303F68E003F3E3A /* SearchViewController.swift */,
				AFF64DC323041A9D003F3E3A /* Search.storyboard */,
			);
			path = Search;
			sourceTree = "<group>";
		};
		AFF64DBA230404B3003F3E3A /* Network */ = {
			isa = PBXGroup;
			children = (
				AFF64DC023040C27003F3E3A /* Models */,
				AFF64DB82304037D003F3E3A /* APISourceProtocol.swift */,
				AFF64DBC2304058E003F3E3A /* APISource.swift */,
				AFF64DBE23040749003F3E3A /* API.swift */,
			);
			path = Network;
			sourceTree = "<group>";
		};
		AFF64DC023040C27003F3E3A /* Models */ = {
			isa = PBXGroup;
			children = (
				AFF64DC123040EB6003F3E3A /* PixaPictures.swift */,
			);
			path = Models;
			sourceTree = "<group>";
		};
/* End PBXGroup section */

/* Begin PBXNativeTarget section */
		AF07B31522FFC3C300FAE1C8 /* IdeaStation */ = {
			isa = PBXNativeTarget;
			buildConfigurationList = AF07B34122FFC3C400FAE1C8 /* Build configuration list for PBXNativeTarget "IdeaStation" */;
			buildPhases = (
				059909991F8919DF4155542C /* [CP] Check Pods Manifest.lock */,
				AF07B31222FFC3C300FAE1C8 /* Sources */,
				AF07B31322FFC3C300FAE1C8 /* Frameworks */,
				AF07B31422FFC3C300FAE1C8 /* Resources */,
				68756370F42650073EB21F6C /* [CP] Embed Pods Frameworks */,
			);
			buildRules = (
			);
			dependencies = (
			);
			name = IdeaStation;
			productName = IdeaStation;
			productReference = AF07B31622FFC3C300FAE1C8 /* IdeaStation.app */;
			productType = "com.apple.product-type.application";
		};
		AF07B32C22FFC3C400FAE1C8 /* IdeaStationTests */ = {
			isa = PBXNativeTarget;
			buildConfigurationList = AF07B34422FFC3C400FAE1C8 /* Build configuration list for PBXNativeTarget "IdeaStationTests" */;
			buildPhases = (
				6ABDC1B25BAD5DCFD04A5562 /* [CP] Check Pods Manifest.lock */,
				AF07B32922FFC3C400FAE1C8 /* Sources */,
				AF07B32A22FFC3C400FAE1C8 /* Frameworks */,
				AF07B32B22FFC3C400FAE1C8 /* Resources */,
			);
			buildRules = (
			);
			dependencies = (
				AF07B32F22FFC3C400FAE1C8 /* PBXTargetDependency */,
			);
			name = IdeaStationTests;
			productName = IdeaStationTests;
			productReference = AF07B32D22FFC3C400FAE1C8 /* IdeaStationTests.xctest */;
			productType = "com.apple.product-type.bundle.unit-test";
		};
		AF07B33722FFC3C400FAE1C8 /* IdeaStationUITests */ = {
			isa = PBXNativeTarget;
			buildConfigurationList = AF07B34722FFC3C400FAE1C8 /* Build configuration list for PBXNativeTarget "IdeaStationUITests" */;
			buildPhases = (
				6593990E34E2F290264B4D68 /* [CP] Check Pods Manifest.lock */,
				AF07B33422FFC3C400FAE1C8 /* Sources */,
				AF07B33522FFC3C400FAE1C8 /* Frameworks */,
				AF07B33622FFC3C400FAE1C8 /* Resources */,
			);
			buildRules = (
			);
			dependencies = (
				AF07B33A22FFC3C400FAE1C8 /* PBXTargetDependency */,
			);
			name = IdeaStationUITests;
			productName = IdeaStationUITests;
			productReference = AF07B33822FFC3C400FAE1C8 /* IdeaStationUITests.xctest */;
			productType = "com.apple.product-type.bundle.ui-testing";
		};
/* End PBXNativeTarget section */

/* Begin PBXProject section */
		AF07B30E22FFC3C300FAE1C8 /* Project object */ = {
			isa = PBXProject;
			attributes = {
				LastSwiftUpdateCheck = 1030;
				LastUpgradeCheck = 1030;
				ORGANIZATIONNAME = "최민섭";
				TargetAttributes = {
					AF07B31522FFC3C300FAE1C8 = {
						CreatedOnToolsVersion = 10.3;
					};
					AF07B32C22FFC3C400FAE1C8 = {
						CreatedOnToolsVersion = 10.3;
						TestTargetID = AF07B31522FFC3C300FAE1C8;
					};
					AF07B33722FFC3C400FAE1C8 = {
						CreatedOnToolsVersion = 10.3;
						TestTargetID = AF07B31522FFC3C300FAE1C8;
					};
				};
			};
			buildConfigurationList = AF07B31122FFC3C300FAE1C8 /* Build configuration list for PBXProject "IdeaStation" */;
			compatibilityVersion = "Xcode 9.3";
			developmentRegion = en;
			hasScannedForEncodings = 0;
			knownRegions = (
				en,
				Base,
			);
			mainGroup = AF07B30D22FFC3C300FAE1C8;
			productRefGroup = AF07B31722FFC3C300FAE1C8 /* Products */;
			projectDirPath = "";
			projectRoot = "";
			targets = (
				AF07B31522FFC3C300FAE1C8 /* IdeaStation */,
				AF07B32C22FFC3C400FAE1C8 /* IdeaStationTests */,
				AF07B33722FFC3C400FAE1C8 /* IdeaStationUITests */,
			);
		};
/* End PBXProject section */

/* Begin PBXResourcesBuildPhase section */
		AF07B31422FFC3C300FAE1C8 /* Resources */ = {
			isa = PBXResourcesBuildPhase;
			buildActionMask = 2147483647;
			files = (
				AF07B32722FFC3C400FAE1C8 /* LaunchScreen.storyboard in Resources */,
				AFCD53322307F31900A1D487 /* InterestStoryboard.storyboard in Resources */,
				AFF64DC423041A9D003F3E3A /* Search.storyboard in Resources */,
				AFCD53272307F2F100A1D487 /* MandalartStoryboard.storyboard in Resources */,
				AF07B32422FFC3C400FAE1C8 /* Assets.xcassets in Resources */,
				AF07B31F22FFC3C300FAE1C8 /* Main.storyboard in Resources */,
			);
			runOnlyForDeploymentPostprocessing = 0;
		};
		AF07B32B22FFC3C400FAE1C8 /* Resources */ = {
			isa = PBXResourcesBuildPhase;
			buildActionMask = 2147483647;
			files = (
			);
			runOnlyForDeploymentPostprocessing = 0;
		};
		AF07B33622FFC3C400FAE1C8 /* Resources */ = {
			isa = PBXResourcesBuildPhase;
			buildActionMask = 2147483647;
			files = (
			);
			runOnlyForDeploymentPostprocessing = 0;
		};
/* End PBXResourcesBuildPhase section */

/* Begin PBXShellScriptBuildPhase section */
		059909991F8919DF4155542C /* [CP] Check Pods Manifest.lock */ = {
			isa = PBXShellScriptBuildPhase;
			buildActionMask = 2147483647;
			files = (
			);
			inputFileListPaths = (
			);
			inputPaths = (
				"${PODS_PODFILE_DIR_PATH}/Podfile.lock",
				"${PODS_ROOT}/Manifest.lock",
			);
			name = "[CP] Check Pods Manifest.lock";
			outputFileListPaths = (
			);
			outputPaths = (
				"$(DERIVED_FILE_DIR)/Pods-IdeaStation-checkManifestLockResult.txt",
			);
			runOnlyForDeploymentPostprocessing = 0;
			shellPath = /bin/sh;
			shellScript = "diff \"${PODS_PODFILE_DIR_PATH}/Podfile.lock\" \"${PODS_ROOT}/Manifest.lock\" > /dev/null\nif [ $? != 0 ] ; then\n    # print error to STDERR\n    echo \"error: The sandbox is not in sync with the Podfile.lock. Run 'pod install' or update your CocoaPods installation.\" >&2\n    exit 1\nfi\n# This output is used by Xcode 'outputs' to avoid re-running this script phase.\necho \"SUCCESS\" > \"${SCRIPT_OUTPUT_FILE_0}\"\n";
			showEnvVarsInLog = 0;
		};
		6593990E34E2F290264B4D68 /* [CP] Check Pods Manifest.lock */ = {
			isa = PBXShellScriptBuildPhase;
			buildActionMask = 2147483647;
			files = (
			);
			inputFileListPaths = (
			);
			inputPaths = (
				"${PODS_PODFILE_DIR_PATH}/Podfile.lock",
				"${PODS_ROOT}/Manifest.lock",
			);
			name = "[CP] Check Pods Manifest.lock";
			outputFileListPaths = (
			);
			outputPaths = (
				"$(DERIVED_FILE_DIR)/Pods-IdeaStationUITests-checkManifestLockResult.txt",
			);
			runOnlyForDeploymentPostprocessing = 0;
			shellPath = /bin/sh;
			shellScript = "diff \"${PODS_PODFILE_DIR_PATH}/Podfile.lock\" \"${PODS_ROOT}/Manifest.lock\" > /dev/null\nif [ $? != 0 ] ; then\n    # print error to STDERR\n    echo \"error: The sandbox is not in sync with the Podfile.lock. Run 'pod install' or update your CocoaPods installation.\" >&2\n    exit 1\nfi\n# This output is used by Xcode 'outputs' to avoid re-running this script phase.\necho \"SUCCESS\" > \"${SCRIPT_OUTPUT_FILE_0}\"\n";
			showEnvVarsInLog = 0;
		};
		68756370F42650073EB21F6C /* [CP] Embed Pods Frameworks */ = {
			isa = PBXShellScriptBuildPhase;
			buildActionMask = 2147483647;
			files = (
			);
			inputFileListPaths = (
			);
			inputPaths = (
				"${PODS_ROOT}/Target Support Files/Pods-IdeaStation/Pods-IdeaStation-frameworks.sh",
				"${BUILT_PRODUCTS_DIR}/Alamofire/Alamofire.framework",
				"${BUILT_PRODUCTS_DIR}/paper-onboarding/paper_onboarding.framework",
			);
			name = "[CP] Embed Pods Frameworks";
			outputFileListPaths = (
			);
			outputPaths = (
				"${TARGET_BUILD_DIR}/${FRAMEWORKS_FOLDER_PATH}/Alamofire.framework",
				"${TARGET_BUILD_DIR}/${FRAMEWORKS_FOLDER_PATH}/paper_onboarding.framework",
			);
			runOnlyForDeploymentPostprocessing = 0;
			shellPath = /bin/sh;
			shellScript = "\"${PODS_ROOT}/Target Support Files/Pods-IdeaStation/Pods-IdeaStation-frameworks.sh\"\n";
			showEnvVarsInLog = 0;
		};
		6ABDC1B25BAD5DCFD04A5562 /* [CP] Check Pods Manifest.lock */ = {
			isa = PBXShellScriptBuildPhase;
			buildActionMask = 2147483647;
			files = (
			);
			inputFileListPaths = (
			);
			inputPaths = (
				"${PODS_PODFILE_DIR_PATH}/Podfile.lock",
				"${PODS_ROOT}/Manifest.lock",
			);
			name = "[CP] Check Pods Manifest.lock";
			outputFileListPaths = (
			);
			outputPaths = (
				"$(DERIVED_FILE_DIR)/Pods-IdeaStationTests-checkManifestLockResult.txt",
			);
			runOnlyForDeploymentPostprocessing = 0;
			shellPath = /bin/sh;
			shellScript = "diff \"${PODS_PODFILE_DIR_PATH}/Podfile.lock\" \"${PODS_ROOT}/Manifest.lock\" > /dev/null\nif [ $? != 0 ] ; then\n    # print error to STDERR\n    echo \"error: The sandbox is not in sync with the Podfile.lock. Run 'pod install' or update your CocoaPods installation.\" >&2\n    exit 1\nfi\n# This output is used by Xcode 'outputs' to avoid re-running this script phase.\necho \"SUCCESS\" > \"${SCRIPT_OUTPUT_FILE_0}\"\n";
			showEnvVarsInLog = 0;
		};
/* End PBXShellScriptBuildPhase section */

/* Begin PBXSourcesBuildPhase section */
		AF07B31222FFC3C300FAE1C8 /* Sources */ = {
			isa = PBXSourcesBuildPhase;
			buildActionMask = 2147483647;
			files = (
				AFF64DBF2304074A003F3E3A /* API.swift in Sources */,
				AF07B35322FFF71600FAE1C8 /* CategoryViewController.swift in Sources */,
				AFF64DBD2304058E003F3E3A /* APISource.swift in Sources */,
				AFCD53242307F2F100A1D487 /* NewMandalartCollectionViewCell.swift in Sources */,
				AFCD53292307F2F100A1D487 /* NewMandalartCellDetailViewController.swift in Sources */,
				AFCD53312307F31900A1D487 /* InterestViewController.swift in Sources */,
				AFF64DB72303F68E003F3E3A /* SearchViewController.swift in Sources */,
				AFCD53362307FDCD00A1D487 /* ExitButtonForModal.swift in Sources */,
				AFF64DB92304037D003F3E3A /* APISourceProtocol.swift in Sources */,
				AFF64DC223040EB6003F3E3A /* PixaPictures.swift in Sources */,
				AFCD53342307F31900A1D487 /* InterestItem.swift in Sources */,
				AFCD53332307F31900A1D487 /* DidSelectViewController.swift in Sources */,
				AF07B3592302629B00FAE1C8 /* ExpandableBubbleLabel.swift in Sources */,
				AF07B31A22FFC3C300FAE1C8 /* AppDelegate.swift in Sources */,
				AFCD53262307F2F100A1D487 /* MandalartItem.swift in Sources */,
				AFF64DC623041E74003F3E3A /* Object+.swift in Sources */,
				AF07B35B2302771300FAE1C8 /* FlexibleLabel.swift in Sources */,
				AFCD53302307F31900A1D487 /* InterestCollectionViewCell.swift in Sources */,
				AFCD53282307F2F100A1D487 /* NewMandalartViewController.swift in Sources */,
				AF07B35522FFFFE600FAE1C8 /* View+.swift in Sources */,
				AF07B32222FFC3C300FAE1C8 /* IdeaStation.xcdatamodeld in Sources */,
				AFF64DC823051F0F003F3E3A /* FasterImageView.swift in Sources */,
			);
			runOnlyForDeploymentPostprocessing = 0;
		};
		AF07B32922FFC3C400FAE1C8 /* Sources */ = {
			isa = PBXSourcesBuildPhase;
			buildActionMask = 2147483647;
			files = (
				AF07B33222FFC3C400FAE1C8 /* IdeaStationTests.swift in Sources */,
			);
			runOnlyForDeploymentPostprocessing = 0;
		};
		AF07B33422FFC3C400FAE1C8 /* Sources */ = {
			isa = PBXSourcesBuildPhase;
			buildActionMask = 2147483647;
			files = (
				AF07B33D22FFC3C400FAE1C8 /* IdeaStationUITests.swift in Sources */,
			);
			runOnlyForDeploymentPostprocessing = 0;
		};
/* End PBXSourcesBuildPhase section */

/* Begin PBXTargetDependency section */
		AF07B32F22FFC3C400FAE1C8 /* PBXTargetDependency */ = {
			isa = PBXTargetDependency;
			target = AF07B31522FFC3C300FAE1C8 /* IdeaStation */;
			targetProxy = AF07B32E22FFC3C400FAE1C8 /* PBXContainerItemProxy */;
		};
		AF07B33A22FFC3C400FAE1C8 /* PBXTargetDependency */ = {
			isa = PBXTargetDependency;
			target = AF07B31522FFC3C300FAE1C8 /* IdeaStation */;
			targetProxy = AF07B33922FFC3C400FAE1C8 /* PBXContainerItemProxy */;
		};
/* End PBXTargetDependency section */

/* Begin PBXVariantGroup section */
		AF07B31D22FFC3C300FAE1C8 /* Main.storyboard */ = {
			isa = PBXVariantGroup;
			children = (
				AF07B31E22FFC3C300FAE1C8 /* Base */,
			);
			name = Main.storyboard;
			sourceTree = "<group>";
		};
		AF07B32522FFC3C400FAE1C8 /* LaunchScreen.storyboard */ = {
			isa = PBXVariantGroup;
			children = (
				AF07B32622FFC3C400FAE1C8 /* Base */,
			);
			name = LaunchScreen.storyboard;
			sourceTree = "<group>";
		};
/* End PBXVariantGroup section */

/* Begin XCBuildConfiguration section */
		AF07B33F22FFC3C400FAE1C8 /* Debug */ = {
			isa = XCBuildConfiguration;
			buildSettings = {
				ALWAYS_SEARCH_USER_PATHS = NO;
				CLANG_ANALYZER_NONNULL = YES;
				CLANG_ANALYZER_NUMBER_OBJECT_CONVERSION = YES_AGGRESSIVE;
				CLANG_CXX_LANGUAGE_STANDARD = "gnu++14";
				CLANG_CXX_LIBRARY = "libc++";
				CLANG_ENABLE_MODULES = YES;
				CLANG_ENABLE_OBJC_ARC = YES;
				CLANG_ENABLE_OBJC_WEAK = YES;
				CLANG_WARN_BLOCK_CAPTURE_AUTORELEASING = YES;
				CLANG_WARN_BOOL_CONVERSION = YES;
				CLANG_WARN_COMMA = YES;
				CLANG_WARN_CONSTANT_CONVERSION = YES;
				CLANG_WARN_DEPRECATED_OBJC_IMPLEMENTATIONS = YES;
				CLANG_WARN_DIRECT_OBJC_ISA_USAGE = YES_ERROR;
				CLANG_WARN_DOCUMENTATION_COMMENTS = YES;
				CLANG_WARN_EMPTY_BODY = YES;
				CLANG_WARN_ENUM_CONVERSION = YES;
				CLANG_WARN_INFINITE_RECURSION = YES;
				CLANG_WARN_INT_CONVERSION = YES;
				CLANG_WARN_NON_LITERAL_NULL_CONVERSION = YES;
				CLANG_WARN_OBJC_IMPLICIT_RETAIN_SELF = YES;
				CLANG_WARN_OBJC_LITERAL_CONVERSION = YES;
				CLANG_WARN_OBJC_ROOT_CLASS = YES_ERROR;
				CLANG_WARN_RANGE_LOOP_ANALYSIS = YES;
				CLANG_WARN_STRICT_PROTOTYPES = YES;
				CLANG_WARN_SUSPICIOUS_MOVE = YES;
				CLANG_WARN_UNGUARDED_AVAILABILITY = YES_AGGRESSIVE;
				CLANG_WARN_UNREACHABLE_CODE = YES;
				CLANG_WARN__DUPLICATE_METHOD_MATCH = YES;
				CODE_SIGN_IDENTITY = "iPhone Developer";
				COPY_PHASE_STRIP = NO;
				DEBUG_INFORMATION_FORMAT = dwarf;
				ENABLE_STRICT_OBJC_MSGSEND = YES;
				ENABLE_TESTABILITY = YES;
				GCC_C_LANGUAGE_STANDARD = gnu11;
				GCC_DYNAMIC_NO_PIC = NO;
				GCC_NO_COMMON_BLOCKS = YES;
				GCC_OPTIMIZATION_LEVEL = 0;
				GCC_PREPROCESSOR_DEFINITIONS = (
					"DEBUG=1",
					"$(inherited)",
				);
				GCC_WARN_64_TO_32_BIT_CONVERSION = YES;
				GCC_WARN_ABOUT_RETURN_TYPE = YES_ERROR;
				GCC_WARN_UNDECLARED_SELECTOR = YES;
				GCC_WARN_UNINITIALIZED_AUTOS = YES_AGGRESSIVE;
				GCC_WARN_UNUSED_FUNCTION = YES;
				GCC_WARN_UNUSED_VARIABLE = YES;
				IPHONEOS_DEPLOYMENT_TARGET = 11.0;
				MTL_ENABLE_DEBUG_INFO = INCLUDE_SOURCE;
				MTL_FAST_MATH = YES;
				ONLY_ACTIVE_ARCH = YES;
				SDKROOT = iphoneos;
				SWIFT_ACTIVE_COMPILATION_CONDITIONS = DEBUG;
				SWIFT_OPTIMIZATION_LEVEL = "-Onone";
			};
			name = Debug;
		};
		AF07B34022FFC3C400FAE1C8 /* Release */ = {
			isa = XCBuildConfiguration;
			buildSettings = {
				ALWAYS_SEARCH_USER_PATHS = NO;
				CLANG_ANALYZER_NONNULL = YES;
				CLANG_ANALYZER_NUMBER_OBJECT_CONVERSION = YES_AGGRESSIVE;
				CLANG_CXX_LANGUAGE_STANDARD = "gnu++14";
				CLANG_CXX_LIBRARY = "libc++";
				CLANG_ENABLE_MODULES = YES;
				CLANG_ENABLE_OBJC_ARC = YES;
				CLANG_ENABLE_OBJC_WEAK = YES;
				CLANG_WARN_BLOCK_CAPTURE_AUTORELEASING = YES;
				CLANG_WARN_BOOL_CONVERSION = YES;
				CLANG_WARN_COMMA = YES;
				CLANG_WARN_CONSTANT_CONVERSION = YES;
				CLANG_WARN_DEPRECATED_OBJC_IMPLEMENTATIONS = YES;
				CLANG_WARN_DIRECT_OBJC_ISA_USAGE = YES_ERROR;
				CLANG_WARN_DOCUMENTATION_COMMENTS = YES;
				CLANG_WARN_EMPTY_BODY = YES;
				CLANG_WARN_ENUM_CONVERSION = YES;
				CLANG_WARN_INFINITE_RECURSION = YES;
				CLANG_WARN_INT_CONVERSION = YES;
				CLANG_WARN_NON_LITERAL_NULL_CONVERSION = YES;
				CLANG_WARN_OBJC_IMPLICIT_RETAIN_SELF = YES;
				CLANG_WARN_OBJC_LITERAL_CONVERSION = YES;
				CLANG_WARN_OBJC_ROOT_CLASS = YES_ERROR;
				CLANG_WARN_RANGE_LOOP_ANALYSIS = YES;
				CLANG_WARN_STRICT_PROTOTYPES = YES;
				CLANG_WARN_SUSPICIOUS_MOVE = YES;
				CLANG_WARN_UNGUARDED_AVAILABILITY = YES_AGGRESSIVE;
				CLANG_WARN_UNREACHABLE_CODE = YES;
				CLANG_WARN__DUPLICATE_METHOD_MATCH = YES;
				CODE_SIGN_IDENTITY = "iPhone Developer";
				COPY_PHASE_STRIP = NO;
				DEBUG_INFORMATION_FORMAT = "dwarf-with-dsym";
				ENABLE_NS_ASSERTIONS = NO;
				ENABLE_STRICT_OBJC_MSGSEND = YES;
				GCC_C_LANGUAGE_STANDARD = gnu11;
				GCC_NO_COMMON_BLOCKS = YES;
				GCC_WARN_64_TO_32_BIT_CONVERSION = YES;
				GCC_WARN_ABOUT_RETURN_TYPE = YES_ERROR;
				GCC_WARN_UNDECLARED_SELECTOR = YES;
				GCC_WARN_UNINITIALIZED_AUTOS = YES_AGGRESSIVE;
				GCC_WARN_UNUSED_FUNCTION = YES;
				GCC_WARN_UNUSED_VARIABLE = YES;
				IPHONEOS_DEPLOYMENT_TARGET = 11.0;
				MTL_ENABLE_DEBUG_INFO = NO;
				MTL_FAST_MATH = YES;
				SDKROOT = iphoneos;
				SWIFT_COMPILATION_MODE = wholemodule;
				SWIFT_OPTIMIZATION_LEVEL = "-O";
				VALIDATE_PRODUCT = YES;
			};
			name = Release;
		};
		AF07B34222FFC3C400FAE1C8 /* Debug */ = {
			isa = XCBuildConfiguration;
			baseConfigurationReference = 733FFBE66031E89002553C6D /* Pods-IdeaStation.debug.xcconfig */;
			buildSettings = {
				ASSETCATALOG_COMPILER_APPICON_NAME = AppIcon;
				CODE_SIGN_STYLE = Automatic;
				DEVELOPMENT_TEAM = CJ9DCX3V4H;
				INFOPLIST_FILE = IdeaStation/Info.plist;
				IPHONEOS_DEPLOYMENT_TARGET = 11.0;
				LD_RUNPATH_SEARCH_PATHS = (
					"$(inherited)",
					"@executable_path/Frameworks",
				);
				PRODUCT_BUNDLE_IDENTIFIER = kau.com.IdeaStation;
				PRODUCT_NAME = "$(TARGET_NAME)";
				SWIFT_VERSION = 5.0;
				TARGETED_DEVICE_FAMILY = 1;
			};
			name = Debug;
		};
		AF07B34322FFC3C400FAE1C8 /* Release */ = {
			isa = XCBuildConfiguration;
			baseConfigurationReference = 60794A05CC535D85F7123EAF /* Pods-IdeaStation.release.xcconfig */;
			buildSettings = {
				ASSETCATALOG_COMPILER_APPICON_NAME = AppIcon;
				CODE_SIGN_STYLE = Automatic;
				DEVELOPMENT_TEAM = CJ9DCX3V4H;
				INFOPLIST_FILE = IdeaStation/Info.plist;
				IPHONEOS_DEPLOYMENT_TARGET = 11.0;
				LD_RUNPATH_SEARCH_PATHS = (
					"$(inherited)",
					"@executable_path/Frameworks",
				);
				PRODUCT_BUNDLE_IDENTIFIER = kau.com.IdeaStation;
				PRODUCT_NAME = "$(TARGET_NAME)";
				SWIFT_VERSION = 5.0;
				TARGETED_DEVICE_FAMILY = 1;
			};
			name = Release;
		};
		AF07B34522FFC3C400FAE1C8 /* Debug */ = {
			isa = XCBuildConfiguration;
			baseConfigurationReference = 3027C387E40DFAAD7FDDDF6D /* Pods-IdeaStationTests.debug.xcconfig */;
			buildSettings = {
				ALWAYS_EMBED_SWIFT_STANDARD_LIBRARIES = YES;
				BUNDLE_LOADER = "$(TEST_HOST)";
				CODE_SIGN_STYLE = Automatic;
				DEVELOPMENT_TEAM = CJ9DCX3V4H;
				INFOPLIST_FILE = IdeaStationTests/Info.plist;
				LD_RUNPATH_SEARCH_PATHS = (
					"$(inherited)",
					"@executable_path/Frameworks",
					"@loader_path/Frameworks",
				);
				PRODUCT_BUNDLE_IDENTIFIER = kau.com.IdeaStationTests;
				PRODUCT_NAME = "$(TARGET_NAME)";
				SWIFT_VERSION = 5.0;
				TARGETED_DEVICE_FAMILY = "1,2";
				TEST_HOST = "$(BUILT_PRODUCTS_DIR)/IdeaStation.app/IdeaStation";
			};
			name = Debug;
		};
		AF07B34622FFC3C400FAE1C8 /* Release */ = {
			isa = XCBuildConfiguration;
			baseConfigurationReference = B21B083B41ACFA9326BB7656 /* Pods-IdeaStationTests.release.xcconfig */;
			buildSettings = {
				ALWAYS_EMBED_SWIFT_STANDARD_LIBRARIES = YES;
				BUNDLE_LOADER = "$(TEST_HOST)";
				CODE_SIGN_STYLE = Automatic;
				DEVELOPMENT_TEAM = CJ9DCX3V4H;
				INFOPLIST_FILE = IdeaStationTests/Info.plist;
				LD_RUNPATH_SEARCH_PATHS = (
					"$(inherited)",
					"@executable_path/Frameworks",
					"@loader_path/Frameworks",
				);
				PRODUCT_BUNDLE_IDENTIFIER = kau.com.IdeaStationTests;
				PRODUCT_NAME = "$(TARGET_NAME)";
				SWIFT_VERSION = 5.0;
				TARGETED_DEVICE_FAMILY = "1,2";
				TEST_HOST = "$(BUILT_PRODUCTS_DIR)/IdeaStation.app/IdeaStation";
			};
			name = Release;
		};
		AF07B34822FFC3C400FAE1C8 /* Debug */ = {
			isa = XCBuildConfiguration;
			baseConfigurationReference = E3E5791034235E2A56495166 /* Pods-IdeaStationUITests.debug.xcconfig */;
			buildSettings = {
				ALWAYS_EMBED_SWIFT_STANDARD_LIBRARIES = YES;
				CODE_SIGN_STYLE = Automatic;
				DEVELOPMENT_TEAM = CJ9DCX3V4H;
				INFOPLIST_FILE = IdeaStationUITests/Info.plist;
				LD_RUNPATH_SEARCH_PATHS = (
					"$(inherited)",
					"@executable_path/Frameworks",
					"@loader_path/Frameworks",
				);
				PRODUCT_BUNDLE_IDENTIFIER = kau.com.IdeaStationUITests;
				PRODUCT_NAME = "$(TARGET_NAME)";
				SWIFT_VERSION = 5.0;
				TARGETED_DEVICE_FAMILY = "1,2";
				TEST_TARGET_NAME = IdeaStation;
			};
			name = Debug;
		};
		AF07B34922FFC3C400FAE1C8 /* Release */ = {
			isa = XCBuildConfiguration;
			baseConfigurationReference = 20DC494623C92F89AECC6516 /* Pods-IdeaStationUITests.release.xcconfig */;
			buildSettings = {
				ALWAYS_EMBED_SWIFT_STANDARD_LIBRARIES = YES;
				CODE_SIGN_STYLE = Automatic;
				DEVELOPMENT_TEAM = CJ9DCX3V4H;
				INFOPLIST_FILE = IdeaStationUITests/Info.plist;
				LD_RUNPATH_SEARCH_PATHS = (
					"$(inherited)",
					"@executable_path/Frameworks",
					"@loader_path/Frameworks",
				);
				PRODUCT_BUNDLE_IDENTIFIER = kau.com.IdeaStationUITests;
				PRODUCT_NAME = "$(TARGET_NAME)";
				SWIFT_VERSION = 5.0;
				TARGETED_DEVICE_FAMILY = "1,2";
				TEST_TARGET_NAME = IdeaStation;
			};
			name = Release;
		};
/* End XCBuildConfiguration section */

/* Begin XCConfigurationList section */
		AF07B31122FFC3C300FAE1C8 /* Build configuration list for PBXProject "IdeaStation" */ = {
			isa = XCConfigurationList;
			buildConfigurations = (
				AF07B33F22FFC3C400FAE1C8 /* Debug */,
				AF07B34022FFC3C400FAE1C8 /* Release */,
			);
			defaultConfigurationIsVisible = 0;
			defaultConfigurationName = Release;
		};
		AF07B34122FFC3C400FAE1C8 /* Build configuration list for PBXNativeTarget "IdeaStation" */ = {
			isa = XCConfigurationList;
			buildConfigurations = (
				AF07B34222FFC3C400FAE1C8 /* Debug */,
				AF07B34322FFC3C400FAE1C8 /* Release */,
			);
			defaultConfigurationIsVisible = 0;
			defaultConfigurationName = Release;
		};
		AF07B34422FFC3C400FAE1C8 /* Build configuration list for PBXNativeTarget "IdeaStationTests" */ = {
			isa = XCConfigurationList;
			buildConfigurations = (
				AF07B34522FFC3C400FAE1C8 /* Debug */,
				AF07B34622FFC3C400FAE1C8 /* Release */,
			);
			defaultConfigurationIsVisible = 0;
			defaultConfigurationName = Release;
		};
		AF07B34722FFC3C400FAE1C8 /* Build configuration list for PBXNativeTarget "IdeaStationUITests" */ = {
			isa = XCConfigurationList;
			buildConfigurations = (
				AF07B34822FFC3C400FAE1C8 /* Debug */,
				AF07B34922FFC3C400FAE1C8 /* Release */,
			);
			defaultConfigurationIsVisible = 0;
			defaultConfigurationName = Release;
		};
/* End XCConfigurationList section */

/* Begin XCVersionGroup section */
		AF07B32022FFC3C300FAE1C8 /* IdeaStation.xcdatamodeld */ = {
			isa = XCVersionGroup;
			children = (
				AF07B32122FFC3C300FAE1C8 /* IdeaStation.xcdatamodel */,
			);
			currentVersion = AF07B32122FFC3C300FAE1C8 /* IdeaStation.xcdatamodel */;
			path = IdeaStation.xcdatamodeld;
			sourceTree = "<group>";
			versionGroupType = wrapper.xcdatamodel;
		};
/* End XCVersionGroup section */
	};
	rootObject = AF07B30E22FFC3C300FAE1C8 /* Project object */;
}
